
Microsoft Visual Studio Solution File, Format Version 12.00
# Visual Studio Version 16
VisualStudioVersion = 16.0.31829.152
MinimumVisualStudioVersion = 10.0.40219.1
Project("{FAE04EC0-301F-11D3-BF4B-00C04F79EFBC}") = "WindowsFormsApp", "WindowsFormsApp\WindowsFormsApp.csproj", "{ED54088F-B7AA-4C1A-B739-77D6DC71F4F2}"
EndProject
Global
	GlobalSection(SolutionConfigurationPlatforms) = preSolution
		Debug|Any CPU = Debug|Any CPU
		Release|Any CPU = Release|Any CPU
	EndGlobalSection
	GlobalSection(ProjectConfigurationPlatforms) = postSolution
		{ED54088F-B7AA-4C1A-B739-77D6DC71F4F2}.Debug|Any CPU.ActiveCfg = Debug|Any CPU
		{ED54088F-B7AA-4C1A-B739-77D6DC71F4F2}.Debug|Any CPU.Build.0 = Debug|Any CPU
		{ED54088F-B7AA-4C1A-B739-77D6DC71F4F2}.Release|Any CPU.ActiveCfg = Release|Any CPU
		{ED54088F-B7AA-4C1A-B739-77D6DC71F4F2}.Release|Any CPU.Build.0 = Release|Any CPU
	EndGlobalSection
	GlobalSection(SolutionProperties) = preSolution
		HideSolutionNode = FALSE
	EndGlobalSection
	GlobalSection(ExtensibilityGlobals) = postSolution
		SolutionGuid = {B6938642-0134-4834-91B4-36660524D2DD}
	EndGlobalSection
EndGlobal
